
Microsoft Visual Studio Solution File, Format Version 12.00
# Visual Studio Version 17
VisualStudioVersion = 17.8.34330.188
MinimumVisualStudioVersion = 10.0.40219.1
Project("{9A19103F-16F7-4668-BE54-9A1E7A4F7556}") = "MovieAPI", "MovieAPI\MovieAPI.csproj", "{7279D3A9-0683-4AA1-9026-51C6CE18482C}"
EndProject
Project("{FAE04EC0-301F-11D3-BF4B-00C04F79EFBC}") = "MovieAPI.Test", "MovieAPI.Test\MovieAPI.Test.csproj", "{ED01BA1F-396F-4F28-94AB-301FB9C83F80}"
EndProject
Global
	GlobalSection(SolutionConfigurationPlatforms) = preSolution
		Debug|Any CPU = Debug|Any CPU
		Release|Any CPU = Release|Any CPU
	EndGlobalSection
	GlobalSection(ProjectConfigurationPlatforms) = postSolution
		{7279D3A9-0683-4AA1-9026-51C6CE18482C}.Debug|Any CPU.ActiveCfg = Debug|Any CPU
		{7279D3A9-0683-4AA1-9026-51C6CE18482C}.Debug|Any CPU.Build.0 = Debug|Any CPU
		{7279D3A9-0683-4AA1-9026-51C6CE18482C}.Release|Any CPU.ActiveCfg = Release|Any CPU
		{7279D3A9-0683-4AA1-9026-51C6CE18482C}.Release|Any CPU.Build.0 = Release|Any CPU
		{ED01BA1F-396F-4F28-94AB-301FB9C83F80}.Debug|Any CPU.ActiveCfg = Debug|Any CPU
		{ED01BA1F-396F-4F28-94AB-301FB9C83F80}.Debug|Any CPU.Build.0 = Debug|Any CPU
		{ED01BA1F-396F-4F28-94AB-301FB9C83F80}.Release|Any CPU.ActiveCfg = Release|Any CPU
		{ED01BA1F-396F-4F28-94AB-301FB9C83F80}.Release|Any CPU.Build.0 = Release|Any CPU
	EndGlobalSection
	GlobalSection(SolutionProperties) = preSolution
		HideSolutionNode = FALSE
	EndGlobalSection
	GlobalSection(ExtensibilityGlobals) = postSolution
		SolutionGuid = {0251ECB9-A776-4F0C-B025-A2644BB44137}
	EndGlobalSection
EndGlobal
